
Microsoft Visual Studio Solution File, Format Version 12.00
# Visual Studio Version 16
VisualStudioVersion = 16.0.31911.196
MinimumVisualStudioVersion = 10.0.40219.1
Project("{FAE04EC0-301F-11D3-BF4B-00C04F79EFBC}") = "Biblioteca", "Biblioteca.csproj", "{7CE2E49F-8D2F-491D-B5C9-2D5576DECF8C}"
EndProject
Global
	GlobalSection(SolutionConfigurationPlatforms) = preSolution
		Debug|Any CPU = Debug|Any CPU
		Release|Any CPU = Release|Any CPU
	EndGlobalSection
	GlobalSection(ProjectConfigurationPlatforms) = postSolution
		{7CE2E49F-8D2F-491D-B5C9-2D5576DECF8C}.Debug|Any CPU.ActiveCfg = Debug|Any CPU
		{7CE2E49F-8D2F-491D-B5C9-2D5576DECF8C}.Debug|Any CPU.Build.0 = Debug|Any CPU
		{7CE2E49F-8D2F-491D-B5C9-2D5576DECF8C}.Release|Any CPU.ActiveCfg = Release|Any CPU
		{7CE2E49F-8D2F-491D-B5C9-2D5576DECF8C}.Release|Any CPU.Build.0 = Release|Any CPU
	EndGlobalSection
	GlobalSection(SolutionProperties) = preSolution
		HideSolutionNode = FALSE
	EndGlobalSection
	GlobalSection(ExtensibilityGlobals) = postSolution
		SolutionGuid = {D7FD2597-F6FC-44EB-8BB5-7A24146F2929}
	EndGlobalSection
EndGlobal
